{
  "name": "lottery-uni",
  "version": "1.0.0",
  "lockfileVersion": 1,
  "requires": true,
  "dependencies": {
    "@dcloudio/types": {
      "version": "2.2.18",
      "resolved": "https://registry.nlark.com/@dcloudio/types/download/@dcloudio/types-2.2.18.tgz",
      "integrity": "sha1-djO9Lld9bZQg2tqjNmd+gfmzyNA="
    },
    "luch-request": {
      "version": "3.0.6",
      "resolved": "https://registry.nlark.com/luch-request/download/luch-request-3.0.6.tgz",
      "integrity": "sha1-WizwScuL+BV6pWL44lsauV2kLZo=",
      "requires": {
        "@dcloudio/types": "^2.0.16"
      }
    },
    "uview-ui": {
      "version": "1.8.4",
      "resolved": "https://registry.npm.taobao.org/uview-ui/download/uview-ui-1.8.4.tgz",
      "integrity": "sha1-4yu/I3lCHTGQIuMk4ct7U4fTvUQ="
    }
  }
}
